
Microsoft Visual Studio Solution File, Format Version 12.00
# Visual Studio Version 16
VisualStudioVersion = 16.0.31624.102
MinimumVisualStudioVersion = 10.0.40219.1
Project("{8BC9CEB8-8B4A-11D0-8D11-00A0C91BC942}") = "Calories_2.0", "Calories_2.0\Calories_2.0.vcxproj", "{F7002D97-85EC-4EBE-B657-AFBEA8285447}"
EndProject
Global
	GlobalSection(SolutionConfigurationPlatforms) = preSolution
		Debug|x64 = Debug|x64
		Debug|x86 = Debug|x86
		Release|x64 = Release|x64
		Release|x86 = Release|x86
	EndGlobalSection
	GlobalSection(ProjectConfigurationPlatforms) = postSolution
		{F7002D97-85EC-4EBE-B657-AFBEA8285447}.Debug|x64.ActiveCfg = Debug|x64
		{F7002D97-85EC-4EBE-B657-AFBEA8285447}.Debug|x64.Build.0 = Debug|x64
		{F7002D97-85EC-4EBE-B657-AFBEA8285447}.Debug|x86.ActiveCfg = Debug|Win32
		{F7002D97-85EC-4EBE-B657-AFBEA8285447}.Debug|x86.Build.0 = Debug|Win32
		{F7002D97-85EC-4EBE-B657-AFBEA8285447}.Release|x64.ActiveCfg = Release|x64
		{F7002D97-85EC-4EBE-B657-AFBEA8285447}.Release|x64.Build.0 = Release|x64
		{F7002D97-85EC-4EBE-B657-AFBEA8285447}.Release|x86.ActiveCfg = Release|Win32
		{F7002D97-85EC-4EBE-B657-AFBEA8285447}.Release|x86.Build.0 = Release|Win32
	EndGlobalSection
	GlobalSection(SolutionProperties) = preSolution
		HideSolutionNode = FALSE
	EndGlobalSection
	GlobalSection(ExtensibilityGlobals) = postSolution
		SolutionGuid = {03376A11-37BA-458C-948C-C8614C4002D2}
	EndGlobalSection
EndGlobal
